
Microsoft Visual Studio Solution File, Format Version 12.00
# Visual Studio 15
VisualStudioVersion = 15.0.26124.0
MinimumVisualStudioVersion = 15.0.26124.0
Project("{2150E333-8FDC-42A3-9474-1A3956D46DE8}") = "src", "src", "{FE914BEF-F80F-4E3A-82BD-7328240C04DE}"
EndProject
Project("{FAE04EC0-301F-11D3-BF4B-00C04F79EFBC}") = "CastleWindsor", "src\CastleWindsor\CastleWindsor.csproj", "{48846EA8-A621-4792-B208-EA877B96BB94}"
EndProject
Project("{FAE04EC0-301F-11D3-BF4B-00C04F79EFBC}") = "Core", "src\Core\Core.csproj", "{28869EB3-C338-4843-8E91-4AB4BCE299A0}"
EndProject
Project("{FAE04EC0-301F-11D3-BF4B-00C04F79EFBC}") = "Interfaces", "src\Interfaces\Interfaces.csproj", "{A9E9C8C9-2060-4EE6-BF77-82A65A4E7916}"
EndProject
Project("{FAE04EC0-301F-11D3-BF4B-00C04F79EFBC}") = "MassTransit", "src\MassTransit\MassTransit.csproj", "{7341A31A-1049-4DC9-BA28-E70DFD6C89A5}"
EndProject
Project("{FAE04EC0-301F-11D3-BF4B-00C04F79EFBC}") = "NLog", "src\NLog\NLog.csproj", "{0775C36D-862C-47A9-9246-5076764D8A2B}"
EndProject
Project("{FAE04EC0-301F-11D3-BF4B-00C04F79EFBC}") = "Rx", "src\Rx\Rx.csproj", "{E8BD3FCC-B6B7-486C-90F8-DFB7B893F120}"
EndProject
Global
	GlobalSection(SolutionConfigurationPlatforms) = preSolution
		Debug|Any CPU = Debug|Any CPU
		Debug|x64 = Debug|x64
		Debug|x86 = Debug|x86
		Release|Any CPU = Release|Any CPU
		Release|x64 = Release|x64
		Release|x86 = Release|x86
	EndGlobalSection
	GlobalSection(SolutionProperties) = preSolution
		HideSolutionNode = FALSE
	EndGlobalSection
	GlobalSection(ProjectConfigurationPlatforms) = postSolution
		{48846EA8-A621-4792-B208-EA877B96BB94}.Debug|Any CPU.ActiveCfg = Debug|Any CPU
		{48846EA8-A621-4792-B208-EA877B96BB94}.Debug|Any CPU.Build.0 = Debug|Any CPU
		{48846EA8-A621-4792-B208-EA877B96BB94}.Debug|x64.ActiveCfg = Debug|Any CPU
		{48846EA8-A621-4792-B208-EA877B96BB94}.Debug|x64.Build.0 = Debug|Any CPU
		{48846EA8-A621-4792-B208-EA877B96BB94}.Debug|x86.ActiveCfg = Debug|Any CPU
		{48846EA8-A621-4792-B208-EA877B96BB94}.Debug|x86.Build.0 = Debug|Any CPU
		{48846EA8-A621-4792-B208-EA877B96BB94}.Release|Any CPU.ActiveCfg = Release|Any CPU
		{48846EA8-A621-4792-B208-EA877B96BB94}.Release|Any CPU.Build.0 = Release|Any CPU
		{48846EA8-A621-4792-B208-EA877B96BB94}.Release|x64.ActiveCfg = Release|Any CPU
		{48846EA8-A621-4792-B208-EA877B96BB94}.Release|x64.Build.0 = Release|Any CPU
		{48846EA8-A621-4792-B208-EA877B96BB94}.Release|x86.ActiveCfg = Release|Any CPU
		{48846EA8-A621-4792-B208-EA877B96BB94}.Release|x86.Build.0 = Release|Any CPU
		{28869EB3-C338-4843-8E91-4AB4BCE299A0}.Debug|Any CPU.ActiveCfg = Debug|Any CPU
		{28869EB3-C338-4843-8E91-4AB4BCE299A0}.Debug|Any CPU.Build.0 = Debug|Any CPU
		{28869EB3-C338-4843-8E91-4AB4BCE299A0}.Debug|x64.ActiveCfg = Debug|Any CPU
		{28869EB3-C338-4843-8E91-4AB4BCE299A0}.Debug|x64.Build.0 = Debug|Any CPU
		{28869EB3-C338-4843-8E91-4AB4BCE299A0}.Debug|x86.ActiveCfg = Debug|Any CPU
		{28869EB3-C338-4843-8E91-4AB4BCE299A0}.Debug|x86.Build.0 = Debug|Any CPU
		{28869EB3-C338-4843-8E91-4AB4BCE299A0}.Release|Any CPU.ActiveCfg = Release|Any CPU
		{28869EB3-C338-4843-8E91-4AB4BCE299A0}.Release|Any CPU.Build.0 = Release|Any CPU
		{28869EB3-C338-4843-8E91-4AB4BCE299A0}.Release|x64.ActiveCfg = Release|Any CPU
		{28869EB3-C338-4843-8E91-4AB4BCE299A0}.Release|x64.Build.0 = Release|Any CPU
		{28869EB3-C338-4843-8E91-4AB4BCE299A0}.Release|x86.ActiveCfg = Release|Any CPU
		{28869EB3-C338-4843-8E91-4AB4BCE299A0}.Release|x86.Build.0 = Release|Any CPU
		{A9E9C8C9-2060-4EE6-BF77-82A65A4E7916}.Debug|Any CPU.ActiveCfg = Debug|Any CPU
		{A9E9C8C9-2060-4EE6-BF77-82A65A4E7916}.Debug|Any CPU.Build.0 = Debug|Any CPU
		{A9E9C8C9-2060-4EE6-BF77-82A65A4E7916}.Debug|x64.ActiveCfg = Debug|Any CPU
		{A9E9C8C9-2060-4EE6-BF77-82A65A4E7916}.Debug|x64.Build.0 = Debug|Any CPU
		{A9E9C8C9-2060-4EE6-BF77-82A65A4E7916}.Debug|x86.ActiveCfg = Debug|Any CPU
		{A9E9C8C9-2060-4EE6-BF77-82A65A4E7916}.Debug|x86.Build.0 = Debug|Any CPU
		{A9E9C8C9-2060-4EE6-BF77-82A65A4E7916}.Release|Any CPU.ActiveCfg = Release|Any CPU
		{A9E9C8C9-2060-4EE6-BF77-82A65A4E7916}.Release|Any CPU.Build.0 = Release|Any CPU
		{A9E9C8C9-2060-4EE6-BF77-82A65A4E7916}.Release|x64.ActiveCfg = Release|Any CPU
		{A9E9C8C9-2060-4EE6-BF77-82A65A4E7916}.Release|x64.Build.0 = Release|Any CPU
		{A9E9C8C9-2060-4EE6-BF77-82A65A4E7916}.Release|x86.ActiveCfg = Release|Any CPU
		{A9E9C8C9-2060-4EE6-BF77-82A65A4E7916}.Release|x86.Build.0 = Release|Any CPU
		{7341A31A-1049-4DC9-BA28-E70DFD6C89A5}.Debug|Any CPU.ActiveCfg = Debug|Any CPU
		{7341A31A-1049-4DC9-BA28-E70DFD6C89A5}.Debug|Any CPU.Build.0 = Debug|Any CPU
		{7341A31A-1049-4DC9-BA28-E70DFD6C89A5}.Debug|x64.ActiveCfg = Debug|Any CPU
		{7341A31A-1049-4DC9-BA28-E70DFD6C89A5}.Debug|x64.Build.0 = Debug|Any CPU
		{7341A31A-1049-4DC9-BA28-E70DFD6C89A5}.Debug|x86.ActiveCfg = Debug|Any CPU
		{7341A31A-1049-4DC9-BA28-E70DFD6C89A5}.Debug|x86.Build.0 = Debug|Any CPU
		{7341A31A-1049-4DC9-BA28-E70DFD6C89A5}.Release|Any CPU.ActiveCfg = Release|Any CPU
		{7341A31A-1049-4DC9-BA28-E70DFD6C89A5}.Release|Any CPU.Build.0 = Release|Any CPU
		{7341A31A-1049-4DC9-BA28-E70DFD6C89A5}.Release|x64.ActiveCfg = Release|Any CPU
		{7341A31A-1049-4DC9-BA28-E70DFD6C89A5}.Release|x64.Build.0 = Release|Any CPU
		{7341A31A-1049-4DC9-BA28-E70DFD6C89A5}.Release|x86.ActiveCfg = Release|Any CPU
		{7341A31A-1049-4DC9-BA28-E70DFD6C89A5}.Release|x86.Build.0 = Release|Any CPU
		{0775C36D-862C-47A9-9246-5076764D8A2B}.Debug|Any CPU.ActiveCfg = Debug|Any CPU
		{0775C36D-862C-47A9-9246-5076764D8A2B}.Debug|Any CPU.Build.0 = Debug|Any CPU
		{0775C36D-862C-47A9-9246-5076764D8A2B}.Debug|x64.ActiveCfg = Debug|Any CPU
		{0775C36D-862C-47A9-9246-5076764D8A2B}.Debug|x64.Build.0 = Debug|Any CPU
		{0775C36D-862C-47A9-9246-5076764D8A2B}.Debug|x86.ActiveCfg = Debug|Any CPU
		{0775C36D-862C-47A9-9246-5076764D8A2B}.Debug|x86.Build.0 = Debug|Any CPU
		{0775C36D-862C-47A9-9246-5076764D8A2B}.Release|Any CPU.ActiveCfg = Release|Any CPU
		{0775C36D-862C-47A9-9246-5076764D8A2B}.Release|Any CPU.Build.0 = Release|Any CPU
		{0775C36D-862C-47A9-9246-5076764D8A2B}.Release|x64.ActiveCfg = Release|Any CPU
		{0775C36D-862C-47A9-9246-5076764D8A2B}.Release|x64.Build.0 = Release|Any CPU
		{0775C36D-862C-47A9-9246-5076764D8A2B}.Release|x86.ActiveCfg = Release|Any CPU
		{0775C36D-862C-47A9-9246-5076764D8A2B}.Release|x86.Build.0 = Release|Any CPU
		{E8BD3FCC-B6B7-486C-90F8-DFB7B893F120}.Debug|Any CPU.ActiveCfg = Debug|Any CPU
		{E8BD3FCC-B6B7-486C-90F8-DFB7B893F120}.Debug|Any CPU.Build.0 = Debug|Any CPU
		{E8BD3FCC-B6B7-486C-90F8-DFB7B893F120}.Debug|x64.ActiveCfg = Debug|Any CPU
		{E8BD3FCC-B6B7-486C-90F8-DFB7B893F120}.Debug|x64.Build.0 = Debug|Any CPU
		{E8BD3FCC-B6B7-486C-90F8-DFB7B893F120}.Debug|x86.ActiveCfg = Debug|Any CPU
		{E8BD3FCC-B6B7-486C-90F8-DFB7B893F120}.Debug|x86.Build.0 = Debug|Any CPU
		{E8BD3FCC-B6B7-486C-90F8-DFB7B893F120}.Release|Any CPU.ActiveCfg = Release|Any CPU
		{E8BD3FCC-B6B7-486C-90F8-DFB7B893F120}.Release|Any CPU.Build.0 = Release|Any CPU
		{E8BD3FCC-B6B7-486C-90F8-DFB7B893F120}.Release|x64.ActiveCfg = Release|Any CPU
		{E8BD3FCC-B6B7-486C-90F8-DFB7B893F120}.Release|x64.Build.0 = Release|Any CPU
		{E8BD3FCC-B6B7-486C-90F8-DFB7B893F120}.Release|x86.ActiveCfg = Release|Any CPU
		{E8BD3FCC-B6B7-486C-90F8-DFB7B893F120}.Release|x86.Build.0 = Release|Any CPU
	EndGlobalSection
	GlobalSection(NestedProjects) = preSolution
		{48846EA8-A621-4792-B208-EA877B96BB94} = {FE914BEF-F80F-4E3A-82BD-7328240C04DE}
		{28869EB3-C338-4843-8E91-4AB4BCE299A0} = {FE914BEF-F80F-4E3A-82BD-7328240C04DE}
		{A9E9C8C9-2060-4EE6-BF77-82A65A4E7916} = {FE914BEF-F80F-4E3A-82BD-7328240C04DE}
		{7341A31A-1049-4DC9-BA28-E70DFD6C89A5} = {FE914BEF-F80F-4E3A-82BD-7328240C04DE}
		{0775C36D-862C-47A9-9246-5076764D8A2B} = {FE914BEF-F80F-4E3A-82BD-7328240C04DE}
		{E8BD3FCC-B6B7-486C-90F8-DFB7B893F120} = {FE914BEF-F80F-4E3A-82BD-7328240C04DE}
	EndGlobalSection
EndGlobal
